
Microsoft Visual Studio Solution File, Format Version 12.00
# Visual Studio Version 17
VisualStudioVersion = 17.10.35122.118
MinimumVisualStudioVersion = 10.0.40219.1
Project("{FAE04EC0-301F-11D3-BF4B-00C04F79EFBC}") = "GelpPrintingUI", "GelpPrintingUI\GelpPrintingUI.csproj", "{B650F78D-9FF4-4F7D-A54A-CC8DFC5C0438}"
EndProject
Global
	GlobalSection(SolutionConfigurationPlatforms) = preSolution
		Debug|Any CPU = Debug|Any CPU
		Release|Any CPU = Release|Any CPU
	EndGlobalSection
	GlobalSection(ProjectConfigurationPlatforms) = postSolution
		{B650F78D-9FF4-4F7D-A54A-CC8DFC5C0438}.Debug|Any CPU.ActiveCfg = Debug|Any CPU
		{B650F78D-9FF4-4F7D-A54A-CC8DFC5C0438}.Debug|Any CPU.Build.0 = Debug|Any CPU
		{B650F78D-9FF4-4F7D-A54A-CC8DFC5C0438}.Debug|Any CPU.Deploy.0 = Debug|Any CPU
		{B650F78D-9FF4-4F7D-A54A-CC8DFC5C0438}.Release|Any CPU.ActiveCfg = Release|Any CPU
		{B650F78D-9FF4-4F7D-A54A-CC8DFC5C0438}.Release|Any CPU.Build.0 = Release|Any CPU
		{B650F78D-9FF4-4F7D-A54A-CC8DFC5C0438}.Release|Any CPU.Deploy.0 = Release|Any CPU
	EndGlobalSection
	GlobalSection(SolutionProperties) = preSolution
		HideSolutionNode = FALSE
	EndGlobalSection
	GlobalSection(ExtensibilityGlobals) = postSolution
		SolutionGuid = {5DC9BD1A-9FF6-4CFF-AEC1-C339DCCB8255}
	EndGlobalSection
EndGlobal
